
Microsoft Visual Studio Solution File, Format Version 12.00
# Visual Studio Version 16
VisualStudioVersion = 16.0.31729.503
MinimumVisualStudioVersion = 10.0.40219.1
Project("{9A19103F-16F7-4668-BE54-9A1E7A4F7556}") = "API", "API\API.csproj", "{E846224C-7F96-4D78-8EA4-F838467C7194}"
EndProject
Project("{FAE04EC0-301F-11D3-BF4B-00C04F79EFBC}") = "Client", "Client\Client.csproj", "{F8BDFAAC-8281-42C4-8CEE-69F3B093B46A}"
EndProject
Global
	GlobalSection(SolutionConfigurationPlatforms) = preSolution
		Debug|Any CPU = Debug|Any CPU
		Release|Any CPU = Release|Any CPU
	EndGlobalSection
	GlobalSection(ProjectConfigurationPlatforms) = postSolution
		{E846224C-7F96-4D78-8EA4-F838467C7194}.Debug|Any CPU.ActiveCfg = Debug|Any CPU
		{E846224C-7F96-4D78-8EA4-F838467C7194}.Debug|Any CPU.Build.0 = Debug|Any CPU
		{E846224C-7F96-4D78-8EA4-F838467C7194}.Release|Any CPU.ActiveCfg = Release|Any CPU
		{E846224C-7F96-4D78-8EA4-F838467C7194}.Release|Any CPU.Build.0 = Release|Any CPU
		{F8BDFAAC-8281-42C4-8CEE-69F3B093B46A}.Debug|Any CPU.ActiveCfg = Debug|Any CPU
		{F8BDFAAC-8281-42C4-8CEE-69F3B093B46A}.Debug|Any CPU.Build.0 = Debug|Any CPU
		{F8BDFAAC-8281-42C4-8CEE-69F3B093B46A}.Release|Any CPU.ActiveCfg = Release|Any CPU
		{F8BDFAAC-8281-42C4-8CEE-69F3B093B46A}.Release|Any CPU.Build.0 = Release|Any CPU
	EndGlobalSection
	GlobalSection(SolutionProperties) = preSolution
		HideSolutionNode = FALSE
	EndGlobalSection
	GlobalSection(ExtensibilityGlobals) = postSolution
		SolutionGuid = {6513B513-E8C4-4B40-917C-03D23DFB99A2}
	EndGlobalSection
EndGlobal
